
Microsoft Visual Studio Solution File, Format Version 12.00
# Visual Studio 14
VisualStudioVersion = 14.0.25123.0
MinimumVisualStudioVersion = 10.0.40219.1
Project("{FAE04EC0-301F-11D3-BF4B-00C04F79EFBC}") = "InstranetNew", "InstranetNew\InstranetNew.csproj", "{C6AD408F-1079-45E0-AE9A-5D8EAD5B98B0}"
EndProject
Global
	GlobalSection(SolutionConfigurationPlatforms) = preSolution
		Debug|Any CPU = Debug|Any CPU
		Release|Any CPU = Release|Any CPU
	EndGlobalSection
	GlobalSection(ProjectConfigurationPlatforms) = postSolution
		{C6AD408F-1079-45E0-AE9A-5D8EAD5B98B0}.Debug|Any CPU.ActiveCfg = Debug|Any CPU
		{C6AD408F-1079-45E0-AE9A-5D8EAD5B98B0}.Debug|Any CPU.Build.0 = Debug|Any CPU
		{C6AD408F-1079-45E0-AE9A-5D8EAD5B98B0}.Release|Any CPU.ActiveCfg = Release|Any CPU
		{C6AD408F-1079-45E0-AE9A-5D8EAD5B98B0}.Release|Any CPU.Build.0 = Release|Any CPU
	EndGlobalSection
	GlobalSection(SolutionProperties) = preSolution
		HideSolutionNode = FALSE
	EndGlobalSection
EndGlobal
